// !$*UTF8*$!
{
	archiveVersion = 1;
	classes = {
	};
	objectVersion = 50;
	objects = {

/* Begin PBXBuildFile section */
		2E92C5492167CF67003CA1E2 /* AppDelegate.swift in Sources */ = {isa = PBXBuildFile; fileRef = 2E92C5482167CF67003CA1E2 /* AppDelegate.swift */; };
		2E92C54B2167CF67003CA1E2 /* ViewController.swift in Sources */ = {isa = PBXBuildFile; fileRef = 2E92C54A2167CF67003CA1E2 /* ViewController.swift */; };
		2E92C5502167CF68003CA1E2 /* Assets.xcassets in Resources */ = {isa = PBXBuildFile; fileRef = 2E92C54F2167CF68003CA1E2 /* Assets.xcassets */; };
		2E92C55B2167D8F6003CA1E2 /* APIService.swift in Sources */ = {isa = PBXBuildFile; fileRef = 2E92C55A2167D8F6003CA1E2 /* APIService.swift */; };
		2E92C55D2167E1A9003CA1E2 /* Profile.swift in Sources */ = {isa = PBXBuildFile; fileRef = 2E92C55C2167E1A9003CA1E2 /* Profile.swift */; };
		2E92C55F2167E1F3003CA1E2 /* Repository.swift in Sources */ = {isa = PBXBuildFile; fileRef = 2E92C55E2167E1F3003CA1E2 /* Repository.swift */; };
		2E92C5612167E2D6003CA1E2 /* DetailViewController.swift in Sources */ = {isa = PBXBuildFile; fileRef = 2E92C5602167E2D6003CA1E2 /* DetailViewController.swift */; };
		2E92C5632167E57A003CA1E2 /* ProfileView.swift in Sources */ = {isa = PBXBuildFile; fileRef = 2E92C5622167E57A003CA1E2 /* ProfileView.swift */; };
		2E92C567216944C3003CA1E2 /* UITableViewExtension.swift in Sources */ = {isa = PBXBuildFile; fileRef = 2E92C566216944C3003CA1E2 /* UITableViewExtension.swift */; };
		2E92C57021695A7A003CA1E2 /* Cachable.swift in Sources */ = {isa = PBXBuildFile; fileRef = 2E92C56F21695A7A003CA1E2 /* Cachable.swift */; };
/* End PBXBuildFile section */

/* Begin PBXFileReference section */
		2E92C5452167CF67003CA1E2 /* GitProfilesNetworking.app */ = {isa = PBXFileReference; explicitFileType = wrapper.application; includeInIndex = 0; path = GitProfilesNetworking.app; sourceTree = BUILT_PRODUCTS_DIR; };
		2E92C5482167CF67003CA1E2 /* AppDelegate.swift */ = {isa = PBXFileReference; lastKnownFileType = sourcecode.swift; path = AppDelegate.swift; sourceTree = "<group>"; };
		2E92C54A2167CF67003CA1E2 /* ViewController.swift */ = {isa = PBXFileReference; lastKnownFileType = sourcecode.swift; path = ViewController.swift; sourceTree = "<group>"; };
		2E92C54F2167CF68003CA1E2 /* Assets.xcassets */ = {isa = PBXFileReference; lastKnownFileType = folder.assetcatalog; path = Assets.xcassets; sourceTree = "<group>"; };
		2E92C5542167CF68003CA1E2 /* Info.plist */ = {isa = PBXFileReference; lastKnownFileType = text.plist.xml; path = Info.plist; sourceTree = "<group>"; };
		2E92C55A2167D8F6003CA1E2 /* APIService.swift */ = {isa = PBXFileReference; lastKnownFileType = sourcecode.swift; path = APIService.swift; sourceTree = "<group>"; };
		2E92C55C2167E1A9003CA1E2 /* Profile.swift */ = {isa = PBXFileReference; lastKnownFileType = sourcecode.swift; path = Profile.swift; sourceTree = "<group>"; };
		2E92C55E2167E1F3003CA1E2 /* Repository.swift */ = {isa = PBXFileReference; lastKnownFileType = sourcecode.swift; path = Repository.swift; sourceTree = "<group>"; };
		2E92C5602167E2D6003CA1E2 /* DetailViewController.swift */ = {isa = PBXFileReference; lastKnownFileType = sourcecode.swift; path = DetailViewController.swift; sourceTree = "<group>"; };
		2E92C5622167E57A003CA1E2 /* ProfileView.swift */ = {isa = PBXFileReference; lastKnownFileType = sourcecode.swift; path = ProfileView.swift; sourceTree = "<group>"; };
		2E92C566216944C3003CA1E2 /* UITableViewExtension.swift */ = {isa = PBXFileReference; lastKnownFileType = sourcecode.swift; path = UITableViewExtension.swift; sourceTree = "<group>"; };
		2E92C56F21695A7A003CA1E2 /* Cachable.swift */ = {isa = PBXFileReference; lastKnownFileType = sourcecode.swift; path = Cachable.swift; sourceTree = "<group>"; };
/* End PBXFileReference section */

/* Begin PBXFrameworksBuildPhase section */
		2E92C5422167CF67003CA1E2 /* Frameworks */ = {
			isa = PBXFrameworksBuildPhase;
			buildActionMask = 2147483647;
			files = (
			);
			runOnlyForDeploymentPostprocessing = 0;
		};
/* End PBXFrameworksBuildPhase section */

/* Begin PBXGroup section */
		2E92C53C2167CF67003CA1E2 = {
			isa = PBXGroup;
			children = (
				2E92C5472167CF67003CA1E2 /* GitProfilesNetworking */,
				2E92C5462167CF67003CA1E2 /* Products */,
			);
			sourceTree = "<group>";
		};
		2E92C5462167CF67003CA1E2 /* Products */ = {
			isa = PBXGroup;
			children = (
				2E92C5452167CF67003CA1E2 /* GitProfilesNetworking.app */,
			);
			name = Products;
			sourceTree = "<group>";
		};
		2E92C5472167CF67003CA1E2 /* GitProfilesNetworking */ = {
			isa = PBXGroup;
			children = (
				2E92C5482167CF67003CA1E2 /* AppDelegate.swift */,
				2E92C56B21694C25003CA1E2 /* Controllers */,
				2E92C56E21694C56003CA1E2 /* Views */,
				2E92C56C21694C37003CA1E2 /* Networking */,
				2E92C56D21694C47003CA1E2 /* Models */,
				2E92C56821694BD4003CA1E2 /* Extensions */,
				2E92C54F2167CF68003CA1E2 /* Assets.xcassets */,
				2E92C5542167CF68003CA1E2 /* Info.plist */,
			);
			path = GitProfilesNetworking;
			sourceTree = "<group>";
		};
		2E92C56821694BD4003CA1E2 /* Extensions */ = {
			isa = PBXGroup;
			children = (
				2E92C566216944C3003CA1E2 /* UITableViewExtension.swift */,
			);
			path = Extensions;
			sourceTree = "<group>";
		};
		2E92C56B21694C25003CA1E2 /* Controllers */ = {
			isa = PBXGroup;
			children = (
				2E92C54A2167CF67003CA1E2 /* ViewController.swift */,
				2E92C5602167E2D6003CA1E2 /* DetailViewController.swift */,
			);
			path = Controllers;
			sourceTree = "<group>";
		};
		2E92C56C21694C37003CA1E2 /* Networking */ = {
			isa = PBXGroup;
			children = (
				2E92C55A2167D8F6003CA1E2 /* APIService.swift */,
				2E92C56F21695A7A003CA1E2 /* Cachable.swift */,
			);
			path = Networking;
			sourceTree = "<group>";
		};
		2E92C56D21694C47003CA1E2 /* Models */ = {
			isa = PBXGroup;
			children = (
				2E92C55C2167E1A9003CA1E2 /* Profile.swift */,
				2E92C55E2167E1F3003CA1E2 /* Repository.swift */,
			);
			path = Models;
			sourceTree = "<group>";
		};
		2E92C56E21694C56003CA1E2 /* Views */ = {
			isa = PBXGroup;
			children = (
				2E92C5622167E57A003CA1E2 /* ProfileView.swift */,
			);
			path = Views;
			sourceTree = "<group>";
		};
/* End PBXGroup section */

/* Begin PBXNativeTarget section */
		2E92C5442167CF67003CA1E2 /* GitProfilesNetworking */ = {
			isa = PBXNativeTarget;
			buildConfigurationList = 2E92C5572167CF68003CA1E2 /* Build configuration list for PBXNativeTarget "GitProfilesNetworking" */;
			buildPhases = (
				2E92C5412167CF67003CA1E2 /* Sources */,
				2E92C5422167CF67003CA1E2 /* Frameworks */,
				2E92C5432167CF67003CA1E2 /* Resources */,
			);
			buildRules = (
			);
			dependencies = (
			);
			name = GitProfilesNetworking;
			productName = GitProfilesNetworking;
			productReference = 2E92C5452167CF67003CA1E2 /* GitProfilesNetworking.app */;
			productType = "com.apple.product-type.application";
		};
/* End PBXNativeTarget section */

/* Begin PBXProject section */
		2E92C53D2167CF67003CA1E2 /* Project object */ = {
			isa = PBXProject;
			attributes = {
				LastSwiftUpdateCheck = 1000;
				LastUpgradeCheck = 1000;
				ORGANIZATIONNAME = "Marcin Karski";
				TargetAttributes = {
					2E92C5442167CF67003CA1E2 = {
						CreatedOnToolsVersion = 10.0;
					};
				};
			};
			buildConfigurationList = 2E92C5402167CF67003CA1E2 /* Build configuration list for PBXProject "GitProfilesNetworking" */;
			compatibilityVersion = "Xcode 9.3";
			developmentRegion = en;
			hasScannedForEncodings = 0;
			knownRegions = (
				en,
				Base,
			);
			mainGroup = 2E92C53C2167CF67003CA1E2;
			productRefGroup = 2E92C5462167CF67003CA1E2 /* Products */;
			projectDirPath = "";
			projectRoot = "";
			targets = (
				2E92C5442167CF67003CA1E2 /* GitProfilesNetworking */,
			);
		};
/* End PBXProject section */

/* Begin PBXResourcesBuildPhase section */
		2E92C5432167CF67003CA1E2 /* Resources */ = {
			isa = PBXResourcesBuildPhase;
			buildActionMask = 2147483647;
			files = (
				2E92C5502167CF68003CA1E2 /* Assets.xcassets in Resources */,
			);
			runOnlyForDeploymentPostprocessing = 0;
		};
/* End PBXResourcesBuildPhase section */

/* Begin PBXSourcesBuildPhase section */
		2E92C5412167CF67003CA1E2 /* Sources */ = {
			isa = PBXSourcesBuildPhase;
			buildActionMask = 2147483647;
			files = (
				2E92C54B2167CF67003CA1E2 /* ViewController.swift in Sources */,
				2E92C55D2167E1A9003CA1E2 /* Profile.swift in Sources */,
				2E92C55F2167E1F3003CA1E2 /* Repository.swift in Sources */,
				2E92C5612167E2D6003CA1E2 /* DetailViewController.swift in Sources */,
				2E92C567216944C3003CA1E2 /* UITableViewExtension.swift in Sources */,
				2E92C55B2167D8F6003CA1E2 /* APIService.swift in Sources */,
				2E92C57021695A7A003CA1E2 /* Cachable.swift in Sources */,
				2E92C5632167E57A003CA1E2 /* ProfileView.swift in Sources */,
				2E92C5492167CF67003CA1E2 /* AppDelegate.swift in Sources */,
			);
			runOnlyForDeploymentPostprocessing = 0;
		};
/* End PBXSourcesBuildPhase section */

/* Begin XCBuildConfiguration section */
		2E92C5552167CF68003CA1E2 /* Debug */ = {
			isa = XCBuildConfiguration;
			buildSettings = {
				ALWAYS_SEARCH_USER_PATHS = NO;
				CLANG_ANALYZER_NONNULL = YES;
				CLANG_ANALYZER_NUMBER_OBJECT_CONVERSION = YES_AGGRESSIVE;
				CLANG_CXX_LANGUAGE_STANDARD = "gnu++14";
				CLANG_CXX_LIBRARY = "libc++";
				CLANG_ENABLE_MODULES = YES;
				CLANG_ENABLE_OBJC_ARC = YES;
				CLANG_ENABLE_OBJC_WEAK = YES;
				CLANG_WARN_BLOCK_CAPTURE_AUTORELEASING = YES;
				CLANG_WARN_BOOL_CONVERSION = YES;
				CLANG_WARN_COMMA = YES;
				CLANG_WARN_CONSTANT_CONVERSION = YES;
				CLANG_WARN_DEPRECATED_OBJC_IMPLEMENTATIONS = YES;
				CLANG_WARN_DIRECT_OBJC_ISA_USAGE = YES_ERROR;
				CLANG_WARN_DOCUMENTATION_COMMENTS = YES;
				CLANG_WARN_EMPTY_BODY = YES;
				CLANG_WARN_ENUM_CONVERSION = YES;
				CLANG_WARN_INFINITE_RECURSION = YES;
				CLANG_WARN_INT_CONVERSION = YES;
				CLANG_WARN_NON_LITERAL_NULL_CONVERSION = YES;
				CLANG_WARN_OBJC_IMPLICIT_RETAIN_SELF = YES;
				CLANG_WARN_OBJC_LITERAL_CONVERSION = YES;
				CLANG_WARN_OBJC_ROOT_CLASS = YES_ERROR;
				CLANG_WARN_RANGE_LOOP_ANALYSIS = YES;
				CLANG_WARN_STRICT_PROTOTYPES = YES;
				CLANG_WARN_SUSPICIOUS_MOVE = YES;
				CLANG_WARN_UNGUARDED_AVAILABILITY = YES_AGGRESSIVE;
				CLANG_WARN_UNREACHABLE_CODE = YES;
				CLANG_WARN__DUPLICATE_METHOD_MATCH = YES;
				CODE_SIGN_IDENTITY = "iPhone Developer";
				COPY_PHASE_STRIP = NO;
				DEBUG_INFORMATION_FORMAT = dwarf;
				ENABLE_STRICT_OBJC_MSGSEND = YES;
				ENABLE_TESTABILITY = YES;
				GCC_C_LANGUAGE_STANDARD = gnu11;
				GCC_DYNAMIC_NO_PIC = NO;
				GCC_NO_COMMON_BLOCKS = YES;
				GCC_OPTIMIZATION_LEVEL = 0;
				GCC_PREPROCESSOR_DEFINITIONS = (
					"DEBUG=1",
					"$(inherited)",
				);
				GCC_WARN_64_TO_32_BIT_CONVERSION = YES;
				GCC_WARN_ABOUT_RETURN_TYPE = YES_ERROR;
				GCC_WARN_UNDECLARED_SELECTOR = YES;
				GCC_WARN_UNINITIALIZED_AUTOS = YES_AGGRESSIVE;
				GCC_WARN_UNUSED_FUNCTION = YES;
				GCC_WARN_UNUSED_VARIABLE = YES;
				IPHONEOS_DEPLOYMENT_TARGET = 12.0;
				MTL_ENABLE_DEBUG_INFO = INCLUDE_SOURCE;
				MTL_FAST_MATH = YES;
				ONLY_ACTIVE_ARCH = YES;
				SDKROOT = iphoneos;
				SWIFT_ACTIVE_COMPILATION_CONDITIONS = DEBUG;
				SWIFT_OPTIMIZATION_LEVEL = "-Onone";
			};
			name = Debug;
		};
		2E92C5562167CF68003CA1E2 /* Release */ = {
			isa = XCBuildConfiguration;
			buildSettings = {
				ALWAYS_SEARCH_USER_PATHS = NO;
				CLANG_ANALYZER_NONNULL = YES;
				CLANG_ANALYZER_NUMBER_OBJECT_CONVERSION = YES_AGGRESSIVE;
				CLANG_CXX_LANGUAGE_STANDARD = "gnu++14";
				CLANG_CXX_LIBRARY = "libc++";
				CLANG_ENABLE_MODULES = YES;
				CLANG_ENABLE_OBJC_ARC = YES;
				CLANG_ENABLE_OBJC_WEAK = YES;
				CLANG_WARN_BLOCK_CAPTURE_AUTORELEASING = YES;
				CLANG_WARN_BOOL_CONVERSION = YES;
				CLANG_WARN_COMMA = YES;
				CLANG_WARN_CONSTANT_CONVERSION = YES;
				CLANG_WARN_DEPRECATED_OBJC_IMPLEMENTATIONS = YES;
				CLANG_WARN_DIRECT_OBJC_ISA_USAGE = YES_ERROR;
				CLANG_WARN_DOCUMENTATION_COMMENTS = YES;
				CLANG_WARN_EMPTY_BODY = YES;
				CLANG_WARN_ENUM_CONVERSION = YES;
				CLANG_WARN_INFINITE_RECURSION = YES;
				CLANG_WARN_INT_CONVERSION = YES;
				CLANG_WARN_NON_LITERAL_NULL_CONVERSION = YES;
				CLANG_WARN_OBJC_IMPLICIT_RETAIN_SELF = YES;
				CLANG_WARN_OBJC_LITERAL_CONVERSION = YES;
				CLANG_WARN_OBJC_ROOT_CLASS = YES_ERROR;
				CLANG_WARN_RANGE_LOOP_ANALYSIS = YES;
				CLANG_WARN_STRICT_PROTOTYPES = YES;
				CLANG_WARN_SUSPICIOUS_MOVE = YES;
				CLANG_WARN_UNGUARDED_AVAILABILITY = YES_AGGRESSIVE;
				CLANG_WARN_UNREACHABLE_CODE = YES;
				CLANG_WARN__DUPLICATE_METHOD_MATCH = YES;
				CODE_SIGN_IDENTITY = "iPhone Developer";
				COPY_PHASE_STRIP = NO;
				DEBUG_INFORMATION_FORMAT = "dwarf-with-dsym";
				ENABLE_NS_ASSERTIONS = NO;
				ENABLE_STRICT_OBJC_MSGSEND = YES;
				GCC_C_LANGUAGE_STANDARD = gnu11;
				GCC_NO_COMMON_BLOCKS = YES;
				GCC_WARN_64_TO_32_BIT_CONVERSION = YES;
				GCC_WARN_ABOUT_RETURN_TYPE = YES_ERROR;
				GCC_WARN_UNDECLARED_SELECTOR = YES;
				GCC_WARN_UNINITIALIZED_AUTOS = YES_AGGRESSIVE;
				GCC_WARN_UNUSED_FUNCTION = YES;
				GCC_WARN_UNUSED_VARIABLE = YES;
				IPHONEOS_DEPLOYMENT_TARGET = 12.0;
				MTL_ENABLE_DEBUG_INFO = NO;
				MTL_FAST_MATH = YES;
				SDKROOT = iphoneos;
				SWIFT_COMPILATION_MODE = wholemodule;
				SWIFT_OPTIMIZATION_LEVEL = "-O";
				VALIDATE_PRODUCT = YES;
			};
			name = Release;
		};
		2E92C5582167CF68003CA1E2 /* Debug */ = {
			isa = XCBuildConfiguration;
			buildSettings = {
				ASSETCATALOG_COMPILER_APPICON_NAME = AppIcon;
				CODE_SIGN_STYLE = Automatic;
				DEVELOPMENT_TEAM = HS5M46ZGSH;
				INFOPLIST_FILE = GitProfilesNetworking/Info.plist;
				LD_RUNPATH_SEARCH_PATHS = (
					"$(inherited)",
					"@executable_path/Frameworks",
				);
				PRODUCT_BUNDLE_IDENTIFIER = axaneo.GitProfilesNetworking;
				PRODUCT_NAME = "$(TARGET_NAME)";
				SWIFT_VERSION = 4.2;
				TARGETED_DEVICE_FAMILY = "1,2";
			};
			name = Debug;
		};
		2E92C5592167CF68003CA1E2 /* Release */ = {
			isa = XCBuildConfiguration;
			buildSettings = {
				ASSETCATALOG_COMPILER_APPICON_NAME = AppIcon;
				CODE_SIGN_STYLE = Automatic;
				DEVELOPMENT_TEAM = HS5M46ZGSH;
				INFOPLIST_FILE = GitProfilesNetworking/Info.plist;
				LD_RUNPATH_SEARCH_PATHS = (
					"$(inherited)",
					"@executable_path/Frameworks",
				);
				PRODUCT_BUNDLE_IDENTIFIER = axaneo.GitProfilesNetworking;
				PRODUCT_NAME = "$(TARGET_NAME)";
				SWIFT_VERSION = 4.2;
				TARGETED_DEVICE_FAMILY = "1,2";
			};
			name = Release;
		};
/* End XCBuildConfiguration section */

/* Begin XCConfigurationList section */
		2E92C5402167CF67003CA1E2 /* Build configuration list for PBXProject "GitProfilesNetworking" */ = {
			isa = XCConfigurationList;
			buildConfigurations = (
				2E92C5552167CF68003CA1E2 /* Debug */,
				2E92C5562167CF68003CA1E2 /* Release */,
			);
			defaultConfigurationIsVisible = 0;
			defaultConfigurationName = Release;
		};
		2E92C5572167CF68003CA1E2 /* Build configuration list for PBXNativeTarget "GitProfilesNetworking" */ = {
			isa = XCConfigurationList;
			buildConfigurations = (
				2E92C5582167CF68003CA1E2 /* Debug */,
				2E92C5592167CF68003CA1E2 /* Release */,
			);
			defaultConfigurationIsVisible = 0;
			defaultConfigurationName = Release;
		};
/* End XCConfigurationList section */
	};
	rootObject = 2E92C53D2167CF67003CA1E2 /* Project object */;
}
